
Microsoft Visual Studio Solution File, Format Version 12.00
# Visual Studio Version 17
VisualStudioVersion = 17.1.32210.238
MinimumVisualStudioVersion = 10.0.40219.1
Project("{FAE04EC0-301F-11D3-BF4B-00C04F79EFBC}") = "prj2", "prj2.csproj", "{FE2CFEDA-8047-4EDB-8BAA-AACF4ECB3B6B}"
EndProject
Global
	GlobalSection(SolutionConfigurationPlatforms) = preSolution
		Debug|Any CPU = Debug|Any CPU
		Release|Any CPU = Release|Any CPU
	EndGlobalSection
	GlobalSection(ProjectConfigurationPlatforms) = postSolution
		{FE2CFEDA-8047-4EDB-8BAA-AACF4ECB3B6B}.Debug|Any CPU.ActiveCfg = Debug|Any CPU
		{FE2CFEDA-8047-4EDB-8BAA-AACF4ECB3B6B}.Debug|Any CPU.Build.0 = Debug|Any CPU
		{FE2CFEDA-8047-4EDB-8BAA-AACF4ECB3B6B}.Release|Any CPU.ActiveCfg = Release|Any CPU
		{FE2CFEDA-8047-4EDB-8BAA-AACF4ECB3B6B}.Release|Any CPU.Build.0 = Release|Any CPU
	EndGlobalSection
	GlobalSection(SolutionProperties) = preSolution
		HideSolutionNode = FALSE
	EndGlobalSection
	GlobalSection(ExtensibilityGlobals) = postSolution
		SolutionGuid = {CDE91404-3533-4D92-8FE4-3DEBCC20BD6A}
	EndGlobalSection
EndGlobal
